// !$*UTF8*$!
{
	archiveVersion = 1;
	classes = {
	};
	objectVersion = 50;
	objects = {

/* Begin PBXBuildFile section */
		3ADE7F2E20EF652A00C77401 /* AppDelegate.swift in Sources */ = {isa = PBXBuildFile; fileRef = 3ADE7F2D20EF652A00C77401 /* AppDelegate.swift */; };
		3ADE7F3020EF652A00C77401 /* ViewController.swift in Sources */ = {isa = PBXBuildFile; fileRef = 3ADE7F2F20EF652A00C77401 /* ViewController.swift */; };
		3ADE7F3320EF652A00C77401 /* Main.storyboard in Resources */ = {isa = PBXBuildFile; fileRef = 3ADE7F3120EF652A00C77401 /* Main.storyboard */; };
		3ADE7F3520EF652D00C77401 /* Assets.xcassets in Resources */ = {isa = PBXBuildFile; fileRef = 3ADE7F3420EF652D00C77401 /* Assets.xcassets */; };
		3ADE7F3820EF652D00C77401 /* LaunchScreen.storyboard in Resources */ = {isa = PBXBuildFile; fileRef = 3ADE7F3620EF652D00C77401 /* LaunchScreen.storyboard */; };
		3ADE7F4320EF652D00C77401 /* ReusablePickerTests.swift in Sources */ = {isa = PBXBuildFile; fileRef = 3ADE7F4220EF652D00C77401 /* ReusablePickerTests.swift */; };
		3ADE7F4E20EF665700C77401 /* PatrollingStaffTableView.swift in Sources */ = {isa = PBXBuildFile; fileRef = 3ADE7F4D20EF665700C77401 /* PatrollingStaffTableView.swift */; };
/* End PBXBuildFile section */

/* Begin PBXContainerItemProxy section */
		3ADE7F3F20EF652D00C77401 /* PBXContainerItemProxy */ = {
			isa = PBXContainerItemProxy;
			containerPortal = 3ADE7F2220EF652A00C77401 /* Project object */;
			proxyType = 1;
			remoteGlobalIDString = 3ADE7F2920EF652A00C77401;
			remoteInfo = ReusablePicker;
		};
/* End PBXContainerItemProxy section */

/* Begin PBXFileReference section */
		3ADE7F2A20EF652A00C77401 /* ReusablePicker.app */ = {isa = PBXFileReference; explicitFileType = wrapper.application; includeInIndex = 0; path = ReusablePicker.app; sourceTree = BUILT_PRODUCTS_DIR; };
		3ADE7F2D20EF652A00C77401 /* AppDelegate.swift */ = {isa = PBXFileReference; lastKnownFileType = sourcecode.swift; path = AppDelegate.swift; sourceTree = "<group>"; };
		3ADE7F2F20EF652A00C77401 /* ViewController.swift */ = {isa = PBXFileReference; lastKnownFileType = sourcecode.swift; path = ViewController.swift; sourceTree = "<group>"; };
		3ADE7F3220EF652A00C77401 /* Base */ = {isa = PBXFileReference; lastKnownFileType = file.storyboard; name = Base; path = Base.lproj/Main.storyboard; sourceTree = "<group>"; };
		3ADE7F3420EF652D00C77401 /* Assets.xcassets */ = {isa = PBXFileReference; lastKnownFileType = folder.assetcatalog; path = Assets.xcassets; sourceTree = "<group>"; };
		3ADE7F3720EF652D00C77401 /* Base */ = {isa = PBXFileReference; lastKnownFileType = file.storyboard; name = Base; path = Base.lproj/LaunchScreen.storyboard; sourceTree = "<group>"; };
		3ADE7F3920EF652D00C77401 /* Info.plist */ = {isa = PBXFileReference; lastKnownFileType = text.plist.xml; path = Info.plist; sourceTree = "<group>"; };
		3ADE7F3E20EF652D00C77401 /* ReusablePickerTests.xctest */ = {isa = PBXFileReference; explicitFileType = wrapper.cfbundle; includeInIndex = 0; path = ReusablePickerTests.xctest; sourceTree = BUILT_PRODUCTS_DIR; };
		3ADE7F4220EF652D00C77401 /* ReusablePickerTests.swift */ = {isa = PBXFileReference; lastKnownFileType = sourcecode.swift; path = ReusablePickerTests.swift; sourceTree = "<group>"; };
		3ADE7F4420EF652D00C77401 /* Info.plist */ = {isa = PBXFileReference; lastKnownFileType = text.plist.xml; path = Info.plist; sourceTree = "<group>"; };
		3ADE7F4D20EF665700C77401 /* PatrollingStaffTableView.swift */ = {isa = PBXFileReference; fileEncoding = 4; lastKnownFileType = sourcecode.swift; path = PatrollingStaffTableView.swift; sourceTree = "<group>"; };
/* End PBXFileReference section */

/* Begin PBXFrameworksBuildPhase section */
		3ADE7F2720EF652A00C77401 /* Frameworks */ = {
			isa = PBXFrameworksBuildPhase;
			buildActionMask = 2147483647;
			files = (
			);
			runOnlyForDeploymentPostprocessing = 0;
		};
		3ADE7F3B20EF652D00C77401 /* Frameworks */ = {
			isa = PBXFrameworksBuildPhase;
			buildActionMask = 2147483647;
			files = (
			);
			runOnlyForDeploymentPostprocessing = 0;
		};
/* End PBXFrameworksBuildPhase section */

/* Begin PBXGroup section */
		3ADE7F2120EF652A00C77401 = {
			isa = PBXGroup;
			children = (
				3ADE7F2C20EF652A00C77401 /* ReusablePicker */,
				3ADE7F4120EF652D00C77401 /* ReusablePickerTests */,
				3ADE7F2B20EF652A00C77401 /* Products */,
			);
			sourceTree = "<group>";
		};
		3ADE7F2B20EF652A00C77401 /* Products */ = {
			isa = PBXGroup;
			children = (
				3ADE7F2A20EF652A00C77401 /* ReusablePicker.app */,
				3ADE7F3E20EF652D00C77401 /* ReusablePickerTests.xctest */,
			);
			name = Products;
			sourceTree = "<group>";
		};
		3ADE7F2C20EF652A00C77401 /* ReusablePicker */ = {
			isa = PBXGroup;
			children = (
				3ADE7F4D20EF665700C77401 /* PatrollingStaffTableView.swift */,
				3ADE7F2D20EF652A00C77401 /* AppDelegate.swift */,
				3ADE7F2F20EF652A00C77401 /* ViewController.swift */,
				3ADE7F3120EF652A00C77401 /* Main.storyboard */,
				3ADE7F3420EF652D00C77401 /* Assets.xcassets */,
				3ADE7F3620EF652D00C77401 /* LaunchScreen.storyboard */,
				3ADE7F3920EF652D00C77401 /* Info.plist */,
			);
			path = ReusablePicker;
			sourceTree = "<group>";
		};
		3ADE7F4120EF652D00C77401 /* ReusablePickerTests */ = {
			isa = PBXGroup;
			children = (
				3ADE7F4220EF652D00C77401 /* ReusablePickerTests.swift */,
				3ADE7F4420EF652D00C77401 /* Info.plist */,
			);
			path = ReusablePickerTests;
			sourceTree = "<group>";
		};
/* End PBXGroup section */

/* Begin PBXNativeTarget section */
		3ADE7F2920EF652A00C77401 /* ReusablePicker */ = {
			isa = PBXNativeTarget;
			buildConfigurationList = 3ADE7F4720EF652D00C77401 /* Build configuration list for PBXNativeTarget "ReusablePicker" */;
			buildPhases = (
				3ADE7F2620EF652A00C77401 /* Sources */,
				3ADE7F2720EF652A00C77401 /* Frameworks */,
				3ADE7F2820EF652A00C77401 /* Resources */,
			);
			buildRules = (
			);
			dependencies = (
			);
			name = ReusablePicker;
			productName = ReusablePicker;
			productReference = 3ADE7F2A20EF652A00C77401 /* ReusablePicker.app */;
			productType = "com.apple.product-type.application";
		};
		3ADE7F3D20EF652D00C77401 /* ReusablePickerTests */ = {
			isa = PBXNativeTarget;
			buildConfigurationList = 3ADE7F4A20EF652D00C77401 /* Build configuration list for PBXNativeTarget "ReusablePickerTests" */;
			buildPhases = (
				3ADE7F3A20EF652D00C77401 /* Sources */,
				3ADE7F3B20EF652D00C77401 /* Frameworks */,
				3ADE7F3C20EF652D00C77401 /* Resources */,
			);
			buildRules = (
			);
			dependencies = (
				3ADE7F4020EF652D00C77401 /* PBXTargetDependency */,
			);
			name = ReusablePickerTests;
			productName = ReusablePickerTests;
			productReference = 3ADE7F3E20EF652D00C77401 /* ReusablePickerTests.xctest */;
			productType = "com.apple.product-type.bundle.unit-test";
		};
/* End PBXNativeTarget section */

/* Begin PBXProject section */
		3ADE7F2220EF652A00C77401 /* Project object */ = {
			isa = PBXProject;
			attributes = {
				LastSwiftUpdateCheck = 0940;
				LastUpgradeCheck = 0940;
				ORGANIZATIONNAME = LocatorTechnologies;
				TargetAttributes = {
					3ADE7F2920EF652A00C77401 = {
						CreatedOnToolsVersion = 9.4.1;
					};
					3ADE7F3D20EF652D00C77401 = {
						CreatedOnToolsVersion = 9.4.1;
						TestTargetID = 3ADE7F2920EF652A00C77401;
					};
				};
			};
			buildConfigurationList = 3ADE7F2520EF652A00C77401 /* Build configuration list for PBXProject "ReusablePicker" */;
			compatibilityVersion = "Xcode 9.3";
			developmentRegion = en;
			hasScannedForEncodings = 0;
			knownRegions = (
				en,
				Base,
			);
			mainGroup = 3ADE7F2120EF652A00C77401;
			productRefGroup = 3ADE7F2B20EF652A00C77401 /* Products */;
			projectDirPath = "";
			projectRoot = "";
			targets = (
				3ADE7F2920EF652A00C77401 /* ReusablePicker */,
				3ADE7F3D20EF652D00C77401 /* ReusablePickerTests */,
			);
		};
/* End PBXProject section */

/* Begin PBXResourcesBuildPhase section */
		3ADE7F2820EF652A00C77401 /* Resources */ = {
			isa = PBXResourcesBuildPhase;
			buildActionMask = 2147483647;
			files = (
				3ADE7F3820EF652D00C77401 /* LaunchScreen.storyboard in Resources */,
				3ADE7F3520EF652D00C77401 /* Assets.xcassets in Resources */,
				3ADE7F3320EF652A00C77401 /* Main.storyboard in Resources */,
			);
			runOnlyForDeploymentPostprocessing = 0;
		};
		3ADE7F3C20EF652D00C77401 /* Resources */ = {
			isa = PBXResourcesBuildPhase;
			buildActionMask = 2147483647;
			files = (
			);
			runOnlyForDeploymentPostprocessing = 0;
		};
/* End PBXResourcesBuildPhase section */

/* Begin PBXSourcesBuildPhase section */
		3ADE7F2620EF652A00C77401 /* Sources */ = {
			isa = PBXSourcesBuildPhase;
			buildActionMask = 2147483647;
			files = (
				3ADE7F3020EF652A00C77401 /* ViewController.swift in Sources */,
				3ADE7F4E20EF665700C77401 /* PatrollingStaffTableView.swift in Sources */,
				3ADE7F2E20EF652A00C77401 /* AppDelegate.swift in Sources */,
			);
			runOnlyForDeploymentPostprocessing = 0;
		};
		3ADE7F3A20EF652D00C77401 /* Sources */ = {
			isa = PBXSourcesBuildPhase;
			buildActionMask = 2147483647;
			files = (
				3ADE7F4320EF652D00C77401 /* ReusablePickerTests.swift in Sources */,
			);
			runOnlyForDeploymentPostprocessing = 0;
		};
/* End PBXSourcesBuildPhase section */

/* Begin PBXTargetDependency section */
		3ADE7F4020EF652D00C77401 /* PBXTargetDependency */ = {
			isa = PBXTargetDependency;
			target = 3ADE7F2920EF652A00C77401 /* ReusablePicker */;
			targetProxy = 3ADE7F3F20EF652D00C77401 /* PBXContainerItemProxy */;
		};
/* End PBXTargetDependency section */

/* Begin PBXVariantGroup section */
		3ADE7F3120EF652A00C77401 /* Main.storyboard */ = {
			isa = PBXVariantGroup;
			children = (
				3ADE7F3220EF652A00C77401 /* Base */,
			);
			name = Main.storyboard;
			sourceTree = "<group>";
		};
		3ADE7F3620EF652D00C77401 /* LaunchScreen.storyboard */ = {
			isa = PBXVariantGroup;
			children = (
				3ADE7F3720EF652D00C77401 /* Base */,
			);
			name = LaunchScreen.storyboard;
			sourceTree = "<group>";
		};
/* End PBXVariantGroup section */

/* Begin XCBuildConfiguration section */
		3ADE7F4520EF652D00C77401 /* Debug */ = {
			isa = XCBuildConfiguration;
			buildSettings = {
				ALWAYS_SEARCH_USER_PATHS = NO;
				CLANG_ANALYZER_NONNULL = YES;
				CLANG_ANALYZER_NUMBER_OBJECT_CONVERSION = YES_AGGRESSIVE;
				CLANG_CXX_LANGUAGE_STANDARD = "gnu++14";
				CLANG_CXX_LIBRARY = "libc++";
				CLANG_ENABLE_MODULES = YES;
				CLANG_ENABLE_OBJC_ARC = YES;
				CLANG_ENABLE_OBJC_WEAK = YES;
				CLANG_WARN_BLOCK_CAPTURE_AUTORELEASING = YES;
				CLANG_WARN_BOOL_CONVERSION = YES;
				CLANG_WARN_COMMA = YES;
				CLANG_WARN_CONSTANT_CONVERSION = YES;
				CLANG_WARN_DEPRECATED_OBJC_IMPLEMENTATIONS = YES;
				CLANG_WARN_DIRECT_OBJC_ISA_USAGE = YES_ERROR;
				CLANG_WARN_DOCUMENTATION_COMMENTS = YES;
				CLANG_WARN_EMPTY_BODY = YES;
				CLANG_WARN_ENUM_CONVERSION = YES;
				CLANG_WARN_INFINITE_RECURSION = YES;
				CLANG_WARN_INT_CONVERSION = YES;
				CLANG_WARN_NON_LITERAL_NULL_CONVERSION = YES;
				CLANG_WARN_OBJC_IMPLICIT_RETAIN_SELF = YES;
				CLANG_WARN_OBJC_LITERAL_CONVERSION = YES;
				CLANG_WARN_OBJC_ROOT_CLASS = YES_ERROR;
				CLANG_WARN_RANGE_LOOP_ANALYSIS = YES;
				CLANG_WARN_STRICT_PROTOTYPES = YES;
				CLANG_WARN_SUSPICIOUS_MOVE = YES;
				CLANG_WARN_UNGUARDED_AVAILABILITY = YES_AGGRESSIVE;
				CLANG_WARN_UNREACHABLE_CODE = YES;
				CLANG_WARN__DUPLICATE_METHOD_MATCH = YES;
				CODE_SIGN_IDENTITY = "iPhone Developer";
				COPY_PHASE_STRIP = NO;
				DEBUG_INFORMATION_FORMAT = dwarf;
				ENABLE_STRICT_OBJC_MSGSEND = YES;
				ENABLE_TESTABILITY = YES;
				GCC_C_LANGUAGE_STANDARD = gnu11;
				GCC_DYNAMIC_NO_PIC = NO;
				GCC_NO_COMMON_BLOCKS = YES;
				GCC_OPTIMIZATION_LEVEL = 0;
				GCC_PREPROCESSOR_DEFINITIONS = (
					"DEBUG=1",
					"$(inherited)",
				);
				GCC_WARN_64_TO_32_BIT_CONVERSION = YES;
				GCC_WARN_ABOUT_RETURN_TYPE = YES_ERROR;
				GCC_WARN_UNDECLARED_SELECTOR = YES;
				GCC_WARN_UNINITIALIZED_AUTOS = YES_AGGRESSIVE;
				GCC_WARN_UNUSED_FUNCTION = YES;
				GCC_WARN_UNUSED_VARIABLE = YES;
				IPHONEOS_DEPLOYMENT_TARGET = 11.4;
				MTL_ENABLE_DEBUG_INFO = YES;
				ONLY_ACTIVE_ARCH = YES;
				SDKROOT = iphoneos;
				SWIFT_ACTIVE_COMPILATION_CONDITIONS = DEBUG;
				SWIFT_OPTIMIZATION_LEVEL = "-Onone";
			};
			name = Debug;
		};
		3ADE7F4620EF652D00C77401 /* Release */ = {
			isa = XCBuildConfiguration;
			buildSettings = {
				ALWAYS_SEARCH_USER_PATHS = NO;
				CLANG_ANALYZER_NONNULL = YES;
				CLANG_ANALYZER_NUMBER_OBJECT_CONVERSION = YES_AGGRESSIVE;
				CLANG_CXX_LANGUAGE_STANDARD = "gnu++14";
				CLANG_CXX_LIBRARY = "libc++";
				CLANG_ENABLE_MODULES = YES;
				CLANG_ENABLE_OBJC_ARC = YES;
				CLANG_ENABLE_OBJC_WEAK = YES;
				CLANG_WARN_BLOCK_CAPTURE_AUTORELEASING = YES;
				CLANG_WARN_BOOL_CONVERSION = YES;
				CLANG_WARN_COMMA = YES;
				CLANG_WARN_CONSTANT_CONVERSION = YES;
				CLANG_WARN_DEPRECATED_OBJC_IMPLEMENTATIONS = YES;
				CLANG_WARN_DIRECT_OBJC_ISA_USAGE = YES_ERROR;
				CLANG_WARN_DOCUMENTATION_COMMENTS = YES;
				CLANG_WARN_EMPTY_BODY = YES;
				CLANG_WARN_ENUM_CONVERSION = YES;
				CLANG_WARN_INFINITE_RECURSION = YES;
				CLANG_WARN_INT_CONVERSION = YES;
				CLANG_WARN_NON_LITERAL_NULL_CONVERSION = YES;
				CLANG_WARN_OBJC_IMPLICIT_RETAIN_SELF = YES;
				CLANG_WARN_OBJC_LITERAL_CONVERSION = YES;
				CLANG_WARN_OBJC_ROOT_CLASS = YES_ERROR;
				CLANG_WARN_RANGE_LOOP_ANALYSIS = YES;
				CLANG_WARN_STRICT_PROTOTYPES = YES;
				CLANG_WARN_SUSPICIOUS_MOVE = YES;
				CLANG_WARN_UNGUARDED_AVAILABILITY = YES_AGGRESSIVE;
				CLANG_WARN_UNREACHABLE_CODE = YES;
				CLANG_WARN__DUPLICATE_METHOD_MATCH = YES;
				CODE_SIGN_IDENTITY = "iPhone Developer";
				COPY_PHASE_STRIP = NO;
				DEBUG_INFORMATION_FORMAT = "dwarf-with-dsym";
				ENABLE_NS_ASSERTIONS = NO;
				ENABLE_STRICT_OBJC_MSGSEND = YES;
				GCC_C_LANGUAGE_STANDARD = gnu11;
				GCC_NO_COMMON_BLOCKS = YES;
				GCC_WARN_64_TO_32_BIT_CONVERSION = YES;
				GCC_WARN_ABOUT_RETURN_TYPE = YES_ERROR;
				GCC_WARN_UNDECLARED_SELECTOR = YES;
				GCC_WARN_UNINITIALIZED_AUTOS = YES_AGGRESSIVE;
				GCC_WARN_UNUSED_FUNCTION = YES;
				GCC_WARN_UNUSED_VARIABLE = YES;
				IPHONEOS_DEPLOYMENT_TARGET = 11.4;
				MTL_ENABLE_DEBUG_INFO = NO;
				SDKROOT = iphoneos;
				SWIFT_COMPILATION_MODE = wholemodule;
				SWIFT_OPTIMIZATION_LEVEL = "-O";
				VALIDATE_PRODUCT = YES;
			};
			name = Release;
		};
		3ADE7F4820EF652D00C77401 /* Debug */ = {
			isa = XCBuildConfiguration;
			buildSettings = {
				ASSETCATALOG_COMPILER_APPICON_NAME = AppIcon;
				CODE_SIGN_STYLE = Automatic;
				INFOPLIST_FILE = ReusablePicker/Info.plist;
				LD_RUNPATH_SEARCH_PATHS = (
					"$(inherited)",
					"@executable_path/Frameworks",
				);
				PRODUCT_BUNDLE_IDENTIFIER = com.locatortechnogies.watchmyback.ReusablePicker;
				PRODUCT_NAME = "$(TARGET_NAME)";
				SWIFT_VERSION = 4.0;
				TARGETED_DEVICE_FAMILY = "1,2";
			};
			name = Debug;
		};
		3ADE7F4920EF652D00C77401 /* Release */ = {
			isa = XCBuildConfiguration;
			buildSettings = {
				ASSETCATALOG_COMPILER_APPICON_NAME = AppIcon;
				CODE_SIGN_STYLE = Automatic;
				INFOPLIST_FILE = ReusablePicker/Info.plist;
				LD_RUNPATH_SEARCH_PATHS = (
					"$(inherited)",
					"@executable_path/Frameworks",
				);
				PRODUCT_BUNDLE_IDENTIFIER = com.locatortechnogies.watchmyback.ReusablePicker;
				PRODUCT_NAME = "$(TARGET_NAME)";
				SWIFT_VERSION = 4.0;
				TARGETED_DEVICE_FAMILY = "1,2";
			};
			name = Release;
		};
		3ADE7F4B20EF652D00C77401 /* Debug */ = {
			isa = XCBuildConfiguration;
			buildSettings = {
				ALWAYS_EMBED_SWIFT_STANDARD_LIBRARIES = YES;
				BUNDLE_LOADER = "$(TEST_HOST)";
				CODE_SIGN_STYLE = Automatic;
				INFOPLIST_FILE = ReusablePickerTests/Info.plist;
				LD_RUNPATH_SEARCH_PATHS = (
					"$(inherited)",
					"@executable_path/Frameworks",
					"@loader_path/Frameworks",
				);
				PRODUCT_BUNDLE_IDENTIFIER = com.locatortechnogies.watchmyback.ReusablePickerTests;
				PRODUCT_NAME = "$(TARGET_NAME)";
				SWIFT_VERSION = 4.0;
				TARGETED_DEVICE_FAMILY = "1,2";
				TEST_HOST = "$(BUILT_PRODUCTS_DIR)/ReusablePicker.app/ReusablePicker";
			};
			name = Debug;
		};
		3ADE7F4C20EF652D00C77401 /* Release */ = {
			isa = XCBuildConfiguration;
			buildSettings = {
				ALWAYS_EMBED_SWIFT_STANDARD_LIBRARIES = YES;
				BUNDLE_LOADER = "$(TEST_HOST)";
				CODE_SIGN_STYLE = Automatic;
				INFOPLIST_FILE = ReusablePickerTests/Info.plist;
				LD_RUNPATH_SEARCH_PATHS = (
					"$(inherited)",
					"@executable_path/Frameworks",
					"@loader_path/Frameworks",
				);
				PRODUCT_BUNDLE_IDENTIFIER = com.locatortechnogies.watchmyback.ReusablePickerTests;
				PRODUCT_NAME = "$(TARGET_NAME)";
				SWIFT_VERSION = 4.0;
				TARGETED_DEVICE_FAMILY = "1,2";
				TEST_HOST = "$(BUILT_PRODUCTS_DIR)/ReusablePicker.app/ReusablePicker";
			};
			name = Release;
		};
/* End XCBuildConfiguration section */

/* Begin XCConfigurationList section */
		3ADE7F2520EF652A00C77401 /* Build configuration list for PBXProject "ReusablePicker" */ = {
			isa = XCConfigurationList;
			buildConfigurations = (
				3ADE7F4520EF652D00C77401 /* Debug */,
				3ADE7F4620EF652D00C77401 /* Release */,
			);
			defaultConfigurationIsVisible = 0;
			defaultConfigurationName = Release;
		};
		3ADE7F4720EF652D00C77401 /* Build configuration list for PBXNativeTarget "ReusablePicker" */ = {
			isa = XCConfigurationList;
			buildConfigurations = (
				3ADE7F4820EF652D00C77401 /* Debug */,
				3ADE7F4920EF652D00C77401 /* Release */,
			);
			defaultConfigurationIsVisible = 0;
			defaultConfigurationName = Release;
		};
		3ADE7F4A20EF652D00C77401 /* Build configuration list for PBXNativeTarget "ReusablePickerTests" */ = {
			isa = XCConfigurationList;
			buildConfigurations = (
				3ADE7F4B20EF652D00C77401 /* Debug */,
				3ADE7F4C20EF652D00C77401 /* Release */,
			);
			defaultConfigurationIsVisible = 0;
			defaultConfigurationName = Release;
		};
/* End XCConfigurationList section */
	};
	rootObject = 3ADE7F2220EF652A00C77401 /* Project object */;
}
